
Microsoft Visual Studio Solution File, Format Version 12.00
# Visual Studio Version 17
VisualStudioVersion = 17.14.36408.4 d17.14
MinimumVisualStudioVersion = 10.0.40219.1
Project("{FAE04EC0-301F-11D3-BF4B-00C04F79EFBC}") = "Midia PlayerSystem - Pablo", "Midia PlayerSystem - Pablo\Midia PlayerSystem - Pablo.csproj", "{7812DE64-C5CF-47E4-B143-1DC085159F7C}"
EndProject
Global
	GlobalSection(SolutionConfigurationPlatforms) = preSolution
		Debug|Any CPU = Debug|Any CPU
		Release|Any CPU = Release|Any CPU
	EndGlobalSection
	GlobalSection(ProjectConfigurationPlatforms) = postSolution
		{7812DE64-C5CF-47E4-B143-1DC085159F7C}.Debug|Any CPU.ActiveCfg = Debug|Any CPU
		{7812DE64-C5CF-47E4-B143-1DC085159F7C}.Debug|Any CPU.Build.0 = Debug|Any CPU
		{7812DE64-C5CF-47E4-B143-1DC085159F7C}.Release|Any CPU.ActiveCfg = Release|Any CPU
		{7812DE64-C5CF-47E4-B143-1DC085159F7C}.Release|Any CPU.Build.0 = Release|Any CPU
	EndGlobalSection
	GlobalSection(SolutionProperties) = preSolution
		HideSolutionNode = FALSE
	EndGlobalSection
	GlobalSection(ExtensibilityGlobals) = postSolution
		SolutionGuid = {57D8244F-5088-4785-840A-DCBCDB66DA90}
	EndGlobalSection
EndGlobal
